
Microsoft Visual Studio Solution File, Format Version 12.00
# Visual Studio Version 17
VisualStudioVersion = 17.12.35514.174
MinimumVisualStudioVersion = 10.0.40219.1
Project("{FAE04EC0-301F-11D3-BF4B-00C04F79EFBC}") = "Id", "Id\Id.csproj", "{C34BCDB2-1C2E-4D93-B9A8-8622AB700211}"
	ProjectSection(ProjectDependencies) = postProject
		{32F8AD4A-5575-4FB9-A053-6982F98A6240} = {32F8AD4A-5575-4FB9-A053-6982F98A6240}
	EndProjectSection
EndProject
Project("{FAE04EC0-301F-11D3-BF4B-00C04F79EFBC}") = "SharedTools", "SharedTools\SharedTools.csproj", "{32F8AD4A-5575-4FB9-A053-6982F98A6240}"
EndProject
Global
	GlobalSection(SolutionConfigurationPlatforms) = preSolution
		Debug|Any CPU = Debug|Any CPU
		Release|Any CPU = Release|Any CPU
	EndGlobalSection
	GlobalSection(ProjectConfigurationPlatforms) = postSolution
		{C34BCDB2-1C2E-4D93-B9A8-8622AB700211}.Debug|Any CPU.ActiveCfg = Debug|Any CPU
		{C34BCDB2-1C2E-4D93-B9A8-8622AB700211}.Debug|Any CPU.Build.0 = Debug|Any CPU
		{C34BCDB2-1C2E-4D93-B9A8-8622AB700211}.Release|Any CPU.ActiveCfg = Release|Any CPU
		{C34BCDB2-1C2E-4D93-B9A8-8622AB700211}.Release|Any CPU.Build.0 = Release|Any CPU
		{32F8AD4A-5575-4FB9-A053-6982F98A6240}.Debug|Any CPU.ActiveCfg = Debug|Any CPU
		{32F8AD4A-5575-4FB9-A053-6982F98A6240}.Debug|Any CPU.Build.0 = Debug|Any CPU
		{32F8AD4A-5575-4FB9-A053-6982F98A6240}.Release|Any CPU.ActiveCfg = Release|Any CPU
		{32F8AD4A-5575-4FB9-A053-6982F98A6240}.Release|Any CPU.Build.0 = Release|Any CPU
	EndGlobalSection
	GlobalSection(SolutionProperties) = preSolution
		HideSolutionNode = FALSE
	EndGlobalSection
	GlobalSection(ExtensibilityGlobals) = postSolution
		SolutionGuid = {79E768BD-0A56-4697-B32A-77C186D4BAB7}
	EndGlobalSection
EndGlobal
